// !$*UTF8*$!
{
	archiveVersion = 1;
	classes = {
	};
	objectVersion = 77;
	objects = {

/* Begin PBXBuildFile section */
		0A2BDC1F55DA12F1A109E9B7 /* main.swift in Sources */ = {isa = PBXBuildFile; fileRef = 7206B7A136EF436A8BAF3BE1 /* main.swift */; };
		0F648492A0D8B6939B042A05 /* AppDelegate.swift in Sources */ = {isa = PBXBuildFile; fileRef = 38AD62D0E00CB2B3C10A0343 /* AppDelegate.swift */; };
		6E75E0EE2B375B19DA43A1F9 /* ContentView.swift in Sources */ = {isa = PBXBuildFile; fileRef = 21019226DA42765564CECF2F /* ContentView.swift */; };
		C210F8CE88A80D50E28343CC /* Updater.swift in Sources */ = {isa = PBXBuildFile; fileRef = E3680400D72A6FB740FDC3CD /* Updater.swift */; };
		DA9E6255DC0D336003171FE6 /* SerialPortManager.swift in Sources */ = {isa = PBXBuildFile; fileRef = FBACD2801F3030B4141CE067 /* SerialPortManager.swift */; };
		F207DCC42145CED948220F0D /* Assets.xcassets in Resources */ = {isa = PBXBuildFile; fileRef = 4DBB5915B96133F4839258B5 /* Assets.xcassets */; };
/* End PBXBuildFile section */

/* Begin PBXFileReference section */
		09AB7CB307EB2AF02E95A08D /* Info.plist */ = {isa = PBXFileReference; lastKnownFileType = text.plist; path = Info.plist; sourceTree = "<group>"; };
		21019226DA42765564CECF2F /* ContentView.swift */ = {isa = PBXFileReference; lastKnownFileType = sourcecode.swift; path = ContentView.swift; sourceTree = "<group>"; };
		326A0A61A80B882F13E56D95 /* SerialTerminal.entitlements */ = {isa = PBXFileReference; lastKnownFileType = text.plist.entitlements; path = SerialTerminal.entitlements; sourceTree = "<group>"; };
		38AD62D0E00CB2B3C10A0343 /* AppDelegate.swift */ = {isa = PBXFileReference; lastKnownFileType = sourcecode.swift; path = AppDelegate.swift; sourceTree = "<group>"; };
		468ED71108BF07D4A8EF77EE /* SerialTerminal.app */ = {isa = PBXFileReference; explicitFileType = wrapper.application; includeInIndex = 0; path = SerialTerminal.app; sourceTree = BUILT_PRODUCTS_DIR; };
		4DBB5915B96133F4839258B5 /* Assets.xcassets */ = {isa = PBXFileReference; lastKnownFileType = folder.assetcatalog; path = Assets.xcassets; sourceTree = "<group>"; };
		7206B7A136EF436A8BAF3BE1 /* main.swift */ = {isa = PBXFileReference; lastKnownFileType = sourcecode.swift; path = main.swift; sourceTree = "<group>"; };
		E3680400D72A6FB740FDC3CD /* Updater.swift */ = {isa = PBXFileReference; lastKnownFileType = sourcecode.swift; path = Updater.swift; sourceTree = "<group>"; };
		FBACD2801F3030B4141CE067 /* SerialPortManager.swift */ = {isa = PBXFileReference; lastKnownFileType = sourcecode.swift; path = SerialPortManager.swift; sourceTree = "<group>"; };
/* End PBXFileReference section */

/* Begin PBXGroup section */
		30591372407272A591A0D27D /* SerialTerminal */ = {
			isa = PBXGroup;
			children = (
				38AD62D0E00CB2B3C10A0343 /* AppDelegate.swift */,
				4DBB5915B96133F4839258B5 /* Assets.xcassets */,
				21019226DA42765564CECF2F /* ContentView.swift */,
				09AB7CB307EB2AF02E95A08D /* Info.plist */,
				7206B7A136EF436A8BAF3BE1 /* main.swift */,
				FBACD2801F3030B4141CE067 /* SerialPortManager.swift */,
				326A0A61A80B882F13E56D95 /* SerialTerminal.entitlements */,
				E3680400D72A6FB740FDC3CD /* Updater.swift */,
			);
			path = SerialTerminal;
			sourceTree = "<group>";
		};
		BF10CC36E47B1A78631D71DB = {
			isa = PBXGroup;
			children = (
				30591372407272A591A0D27D /* SerialTerminal */,
				D5CD20059175BF7D774F5938 /* Products */,
			);
			sourceTree = "<group>";
		};
		D5CD20059175BF7D774F5938 /* Products */ = {
			isa = PBXGroup;
			children = (
				468ED71108BF07D4A8EF77EE /* SerialTerminal.app */,
			);
			name = Products;
			sourceTree = "<group>";
		};
/* End PBXGroup section */

/* Begin PBXNativeTarget section */
		27056364E3EA465156B41FB0 /* SerialTerminal */ = {
			isa = PBXNativeTarget;
			buildConfigurationList = B8C0781E639A35DD2B656DC5 /* Build configuration list for PBXNativeTarget "SerialTerminal" */;
			buildPhases = (
				843BA21A0AD7C078D0D0D865 /* Sources */,
				2749373DE6603316B4A14041 /* Resources */,
			);
			buildRules = (
			);
			dependencies = (
			);
			name = SerialTerminal;
			packageProductDependencies = (
			);
			productName = SerialTerminal;
			productReference = 468ED71108BF07D4A8EF77EE /* SerialTerminal.app */;
			productType = "com.apple.product-type.application";
		};
/* End PBXNativeTarget section */

/* Begin PBXProject section */
		8378F3C0CE401867584EF8F8 /* Project object */ = {
			isa = PBXProject;
			attributes = {
				BuildIndependentTargetsInParallel = YES;
				LastUpgradeCheck = 1500;
				TargetAttributes = {
					27056364E3EA465156B41FB0 = {
						ProvisioningStyle = Manual;
					};
				};
			};
			buildConfigurationList = 4699DF4D44EDF48750CF5310 /* Build configuration list for PBXProject "SerialTerminal" */;
			developmentRegion = en;
			hasScannedForEncodings = 0;
			knownRegions = (
				Base,
				en,
			);
			mainGroup = BF10CC36E47B1A78631D71DB;
			minimizedProjectReferenceProxies = 1;
			preferredProjectObjectVersion = 77;
			productRefGroup = D5CD20059175BF7D774F5938 /* Products */;
			projectDirPath = "";
			projectRoot = "";
			targets = (
				27056364E3EA465156B41FB0 /* SerialTerminal */,
			);
		};
/* End PBXProject section */

/* Begin PBXResourcesBuildPhase section */
		2749373DE6603316B4A14041 /* Resources */ = {
			isa = PBXResourcesBuildPhase;
			buildActionMask = 2147483647;
			files = (
				F207DCC42145CED948220F0D /* Assets.xcassets in Resources */,
			);
			runOnlyForDeploymentPostprocessing = 0;
		};
/* End PBXResourcesBuildPhase section */

/* Begin PBXSourcesBuildPhase section */
		843BA21A0AD7C078D0D0D865 /* Sources */ = {
			isa = PBXSourcesBuildPhase;
			buildActionMask = 2147483647;
			files = (
				0F648492A0D8B6939B042A05 /* AppDelegate.swift in Sources */,
				6E75E0EE2B375B19DA43A1F9 /* ContentView.swift in Sources */,
				DA9E6255DC0D336003171FE6 /* SerialPortManager.swift in Sources */,
				C210F8CE88A80D50E28343CC /* Updater.swift in Sources */,
				0A2BDC1F55DA12F1A109E9B7 /* main.swift in Sources */,
			);
			runOnlyForDeploymentPostprocessing = 0;
		};
/* End PBXSourcesBuildPhase section */

/* Begin XCBuildConfiguration section */
		52DA2D645FD805B5F2C884EF /* Debug */ = {
			isa = XCBuildConfiguration;
			buildSettings = {
				ASSETCATALOG_COMPILER_APPICON_NAME = AppIcon;
				CODE_SIGN_ENTITLEMENTS = SerialTerminal/SerialTerminal.entitlements;
				COMBINE_HIDPI_IMAGES = YES;
				INFOPLIST_FILE = SerialTerminal/Info.plist;
				LD_RUNPATH_SEARCH_PATHS = "$(inherited) @executable_path/../Frameworks";
				PRODUCT_BUNDLE_IDENTIFIER = com.serialdebug.SerialTerminal;
				SDKROOT = macosx;
			};
			name = Debug;
		};
		5F2D950799CEFDED0F4B0373 /* Release */ = {
			isa = XCBuildConfiguration;
			buildSettings = {
				ASSETCATALOG_COMPILER_APPICON_NAME = AppIcon;
				CODE_SIGN_ENTITLEMENTS = SerialTerminal/SerialTerminal.entitlements;
				COMBINE_HIDPI_IMAGES = YES;
				INFOPLIST_FILE = SerialTerminal/Info.plist;
				LD_RUNPATH_SEARCH_PATHS = "$(inherited) @executable_path/../Frameworks";
				PRODUCT_BUNDLE_IDENTIFIER = com.serialdebug.SerialTerminal;
				SDKROOT = macosx;
			};
			name = Release;
		};
		AF15991891510A775A518886 /* Debug */ = {
			isa = XCBuildConfiguration;
			buildSettings = {
				ALWAYS_SEARCH_USER_PATHS = NO;
				ARCHS = "arm64 x86_64";
				CLANG_ANALYZER_NONNULL = YES;
				CLANG_ANALYZER_NUMBER_OBJECT_CONVERSION = YES_AGGRESSIVE;
				CLANG_CXX_LANGUAGE_STANDARD = "gnu++14";
				CLANG_CXX_LIBRARY = "libc++";
				CLANG_ENABLE_MODULES = YES;
				CLANG_ENABLE_OBJC_ARC = YES;
				CLANG_ENABLE_OBJC_WEAK = YES;
				CLANG_WARN_BLOCK_CAPTURE_AUTORELEASING = YES;
				CLANG_WARN_BOOL_CONVERSION = YES;
				CLANG_WARN_COMMA = YES;
				CLANG_WARN_CONSTANT_CONVERSION = YES;
				CLANG_WARN_DEPRECATED_OBJC_IMPLEMENTATIONS = YES;
				CLANG_WARN_DIRECT_OBJC_ISA_USAGE = YES_ERROR;
				CLANG_WARN_DOCUMENTATION_COMMENTS = YES;
				CLANG_WARN_EMPTY_BODY = YES;
				CLANG_WARN_ENUM_CONVERSION = YES;
				CLANG_WARN_INFINITE_RECURSION = YES;
				CLANG_WARN_INT_CONVERSION = YES;
				CLANG_WARN_NON_LITERAL_NULL_CONVERSION = YES;
				CLANG_WARN_OBJC_IMPLICIT_RETAIN_SELF = YES;
				CLANG_WARN_OBJC_LITERAL_CONVERSION = YES;
				CLANG_WARN_OBJC_ROOT_CLASS = YES_ERROR;
				CLANG_WARN_QUOTED_INCLUDE_IN_FRAMEWORK_HEADER = YES;
				CLANG_WARN_RANGE_LOOP_ANALYSIS = YES;
				CLANG_WARN_STRICT_PROTOTYPES = YES;
				CLANG_WARN_SUSPICIOUS_MOVE = YES;
				CLANG_WARN_UNGUARDED_AVAILABILITY = YES_AGGRESSIVE;
				CLANG_WARN_UNREACHABLE_CODE = YES;
				CLANG_WARN__DUPLICATE_METHOD_MATCH = YES;
				CODE_SIGN_IDENTITY = "-";
				CODE_SIGN_STYLE = Manual;
				COPY_PHASE_STRIP = NO;
				CURRENT_PROJECT_VERSION = 7;
				DEBUG_INFORMATION_FORMAT = dwarf;
				ENABLE_HARDENED_RUNTIME = NO;
				ENABLE_STRICT_OBJC_MSGSEND = YES;
				ENABLE_TESTABILITY = YES;
				GCC_C_LANGUAGE_STANDARD = gnu11;
				GCC_DYNAMIC_NO_PIC = NO;
				GCC_NO_COMMON_BLOCKS = YES;
				GCC_OPTIMIZATION_LEVEL = 0;
				GCC_PREPROCESSOR_DEFINITIONS = (
					"$(inherited)",
					"DEBUG=1",
				);
				GCC_WARN_64_TO_32_BIT_CONVERSION = YES;
				GCC_WARN_ABOUT_RETURN_TYPE = YES_ERROR;
				GCC_WARN_UNDECLARED_SELECTOR = YES;
				GCC_WARN_UNINITIALIZED_AUTOS = YES_AGGRESSIVE;
				GCC_WARN_UNUSED_FUNCTION = YES;
				GCC_WARN_UNUSED_VARIABLE = YES;
				MACOSX_DEPLOYMENT_TARGET = 13.0;
				MARKETING_VERSION = 1.6.0;
				MTL_ENABLE_DEBUG_INFO = INCLUDE_SOURCE;
				MTL_FAST_MATH = YES;
				ONLY_ACTIVE_ARCH = NO;
				PRODUCT_NAME = SerialTerminal;
				SDKROOT = macosx;
				SWIFT_ACTIVE_COMPILATION_CONDITIONS = DEBUG;
				SWIFT_OPTIMIZATION_LEVEL = "-Onone";
				SWIFT_VERSION = 5.9;
			};
			name = Debug;
		};
		F8C1486C287C4DC6BEAE9A56 /* Release */ = {
			isa = XCBuildConfiguration;
			buildSettings = {
				ALWAYS_SEARCH_USER_PATHS = NO;
				ARCHS = "arm64 x86_64";
				CLANG_ANALYZER_NONNULL = YES;
				CLANG_ANALYZER_NUMBER_OBJECT_CONVERSION = YES_AGGRESSIVE;
				CLANG_CXX_LANGUAGE_STANDARD = "gnu++14";
				CLANG_CXX_LIBRARY = "libc++";
				CLANG_ENABLE_MODULES = YES;
				CLANG_ENABLE_OBJC_ARC = YES;
				CLANG_ENABLE_OBJC_WEAK = YES;
				CLANG_WARN_BLOCK_CAPTURE_AUTORELEASING = YES;
				CLANG_WARN_BOOL_CONVERSION = YES;
				CLANG_WARN_COMMA = YES;
				CLANG_WARN_CONSTANT_CONVERSION = YES;
				CLANG_WARN_DEPRECATED_OBJC_IMPLEMENTATIONS = YES;
				CLANG_WARN_DIRECT_OBJC_ISA_USAGE = YES_ERROR;
				CLANG_WARN_DOCUMENTATION_COMMENTS = YES;
				CLANG_WARN_EMPTY_BODY = YES;
				CLANG_WARN_ENUM_CONVERSION = YES;
				CLANG_WARN_INFINITE_RECURSION = YES;
				CLANG_WARN_INT_CONVERSION = YES;
				CLANG_WARN_NON_LITERAL_NULL_CONVERSION = YES;
				CLANG_WARN_OBJC_IMPLICIT_RETAIN_SELF = YES;
				CLANG_WARN_OBJC_LITERAL_CONVERSION = YES;
				CLANG_WARN_OBJC_ROOT_CLASS = YES_ERROR;
				CLANG_WARN_QUOTED_INCLUDE_IN_FRAMEWORK_HEADER = YES;
				CLANG_WARN_RANGE_LOOP_ANALYSIS = YES;
				CLANG_WARN_STRICT_PROTOTYPES = YES;
				CLANG_WARN_SUSPICIOUS_MOVE = YES;
				CLANG_WARN_UNGUARDED_AVAILABILITY = YES_AGGRESSIVE;
				CLANG_WARN_UNREACHABLE_CODE = YES;
				CLANG_WARN__DUPLICATE_METHOD_MATCH = YES;
				CODE_SIGN_IDENTITY = "-";
				CODE_SIGN_STYLE = Manual;
				COPY_PHASE_STRIP = NO;
				CURRENT_PROJECT_VERSION = 7;
				DEBUG_INFORMATION_FORMAT = "dwarf-with-dsym";
				ENABLE_HARDENED_RUNTIME = NO;
				ENABLE_NS_ASSERTIONS = NO;
				ENABLE_STRICT_OBJC_MSGSEND = YES;
				GCC_C_LANGUAGE_STANDARD = gnu11;
				GCC_NO_COMMON_BLOCKS = YES;
				GCC_WARN_64_TO_32_BIT_CONVERSION = YES;
				GCC_WARN_ABOUT_RETURN_TYPE = YES_ERROR;
				GCC_WARN_UNDECLARED_SELECTOR = YES;
				GCC_WARN_UNINITIALIZED_AUTOS = YES_AGGRESSIVE;
				GCC_WARN_UNUSED_FUNCTION = YES;
				GCC_WARN_UNUSED_VARIABLE = YES;
				MACOSX_DEPLOYMENT_TARGET = 13.0;
				MARKETING_VERSION = 1.6.0;
				MTL_ENABLE_DEBUG_INFO = NO;
				MTL_FAST_MATH = YES;
				ONLY_ACTIVE_ARCH = NO;
				PRODUCT_NAME = SerialTerminal;
				SDKROOT = macosx;
				SWIFT_COMPILATION_MODE = wholemodule;
				SWIFT_OPTIMIZATION_LEVEL = "-O";
				SWIFT_VERSION = 5.9;
			};
			name = Release;
		};
/* End XCBuildConfiguration section */

/* Begin XCConfigurationList section */
		4699DF4D44EDF48750CF5310 /* Build configuration list for PBXProject "SerialTerminal" */ = {
			isa = XCConfigurationList;
			buildConfigurations = (
				AF15991891510A775A518886 /* Debug */,
				F8C1486C287C4DC6BEAE9A56 /* Release */,
			);
			defaultConfigurationIsVisible = 0;
			defaultConfigurationName = Debug;
		};
		B8C0781E639A35DD2B656DC5 /* Build configuration list for PBXNativeTarget "SerialTerminal" */ = {
			isa = XCConfigurationList;
			buildConfigurations = (
				52DA2D645FD805B5F2C884EF /* Debug */,
				5F2D950799CEFDED0F4B0373 /* Release */,
			);
			defaultConfigurationIsVisible = 0;
			defaultConfigurationName = Debug;
		};
/* End XCConfigurationList section */
	};
	rootObject = 8378F3C0CE401867584EF8F8 /* Project object */;
}
